
Microsoft Visual Studio Solution File, Format Version 12.00
# Visual Studio Version 16
VisualStudioVersion = 16.0.30517.126
MinimumVisualStudioVersion = 10.0.40219.1
Project("{FAE04EC0-301F-11D3-BF4B-00C04F79EFBC}") = "RegexValidation", "RegexValidation\RegexValidation.csproj", "{72E687EA-6E54-40AD-80FB-A26B8C6EDE93}"
EndProject
Global
	GlobalSection(SolutionConfigurationPlatforms) = preSolution
		Debug|Any CPU = Debug|Any CPU
		Release|Any CPU = Release|Any CPU
	EndGlobalSection
	GlobalSection(ProjectConfigurationPlatforms) = postSolution
		{72E687EA-6E54-40AD-80FB-A26B8C6EDE93}.Debug|Any CPU.ActiveCfg = Debug|Any CPU
		{72E687EA-6E54-40AD-80FB-A26B8C6EDE93}.Debug|Any CPU.Build.0 = Debug|Any CPU
		{72E687EA-6E54-40AD-80FB-A26B8C6EDE93}.Release|Any CPU.ActiveCfg = Release|Any CPU
		{72E687EA-6E54-40AD-80FB-A26B8C6EDE93}.Release|Any CPU.Build.0 = Release|Any CPU
	EndGlobalSection
	GlobalSection(SolutionProperties) = preSolution
		HideSolutionNode = FALSE
	EndGlobalSection
	GlobalSection(ExtensibilityGlobals) = postSolution
		SolutionGuid = {9CED87C8-1E6D-4DB4-AFC3-BD4146C8A1D0}
	EndGlobalSection
EndGlobal
